{
	"name": "examples",
	"requires": true,
	"lockfileVersion": 1,
	"dependencies": {
		"react-resize-observer": {
			"version": "1.1.1",
			"resolved": "https://registry.npmjs.org/react-resize-observer/-/react-resize-observer-1.1.1.tgz",
			"integrity": "sha512-3R+90Hou90Mr3wJYc+unsySC8Pn91V4nmjO32NKvUvjphRUbq9HisyLg7bDyGBE7xlMrrM6Fax7iNQaFdc/FYA=="
		}
	}
}
