{
	"name": "flowtip-react-dom",
	"version": "5.2.1",
	"lockfileVersion": 1,
	"requires": true,
	"dependencies": {
		"react-resize-observer": {
			"version": "1.0.1",
			"resolved": "https://registry.npmjs.org/react-resize-observer/-/react-resize-observer-1.0.1.tgz",
			"integrity": "sha512-H3oB315y3C7axml1Y0H+FaQFviJcxWMN8cj/UwuqHDVe14297lYarJZ2O+0FyxjumTD4LVTOQTQdLi7sBAMGQA=="
		}
	}
}
