{
	"requires": true,
	"lockfileVersion": 1,
	"dependencies": {
		"react-resize-observer": {
			"version": "0.2.1",
			"resolved": "https://registry.npmjs.org/react-resize-observer/-/react-resize-observer-0.2.1.tgz",
			"integrity": "sha512-yELGgPrJT0P6IeBkTW3jbCtz/slsRqBJsd4vzP647XZMUtpafeBJRchrlrZf2hEKo+YNQvrr6+P7jmd4XRibQg=="
		}
	}
}
