{
	"requires": true,
	"lockfileVersion": 1,
	"dependencies": {
		"react-resize-observer": {
			"version": "1.0.0",
			"resolved": "https://registry.npmjs.org/react-resize-observer/-/react-resize-observer-1.0.0.tgz",
			"integrity": "sha512-/BFNe/x+0zZ94N4MKTIKTjAt4PVe07yUoYPgF5dMrboKpBjDCQ6EJNwmdiL8U9EW9qyaVrl5fIuXK/lBx1SXcA=="
		}
	}
}
